
Microsoft Visual Studio Solution File, Format Version 12.00
# Visual Studio Version 16
VisualStudioVersion = 16.0.30320.27
MinimumVisualStudioVersion = 10.0.40219.1
Project("{9A19103F-16F7-4668-BE54-9A1E7A4F7556}") = "ShoppingSolution.WebApp", "ShoppingSolution\ShoppingSolution.WebApp.csproj", "{B104F267-5789-42BD-8082-72AB776DE199}"
EndProject
Project("{2150E333-8FDC-42A3-9474-1A3956D46DE8}") = "0. Solution Items", "0. Solution Items", "{A5F8008C-E7D6-4B32-80C9-32FFE12EFA5C}"
	ProjectSection(SolutionItems) = preProject
		Readme.md = Readme.md
	EndProjectSection
EndProject
Project("{9A19103F-16F7-4668-BE54-9A1E7A4F7556}") = "ShoppingSolution.Data", "ShoppingSolution.Data\ShoppingSolution.Data.csproj", "{F9634329-E3FC-47ED-8F8F-8B75ED0A3A75}"
EndProject
Project("{9A19103F-16F7-4668-BE54-9A1E7A4F7556}") = "ShoppingSolution.Application", "ShoppingSolution.Application\ShoppingSolution.Application.csproj", "{1A81DA33-5AB5-48BD-88BA-C5A0BFCB0B34}"
EndProject
Project("{9A19103F-16F7-4668-BE54-9A1E7A4F7556}") = "ShoppingSolution.Ultilities", "ShoppingSolution.Ultilities\ShoppingSolution.Ultilities.csproj", "{259C3419-1FFE-4A3E-8C78-3CABC948DEDE}"
EndProject
Project("{9A19103F-16F7-4668-BE54-9A1E7A4F7556}") = "ShoppingSolution.ViewModels", "ShoppingSolution.ViewModels\ShoppingSolution.ViewModels.csproj", "{39FF770B-5B6C-406F-9E26-6B3B03D90676}"
EndProject
Project("{9A19103F-16F7-4668-BE54-9A1E7A4F7556}") = "ShoppingSolution.BackendApi", "ShoppingSolution.BackendApi\ShoppingSolution.BackendApi.csproj", "{513EF75D-6EE0-41AD-8D8B-FE8218EDFA6A}"
EndProject
Project("{2150E333-8FDC-42A3-9474-1A3956D46DE8}") = "1. Infrastruture", "1. Infrastruture", "{2ED22F2C-5558-4AE5-AB2C-B9B14B76840D}"
EndProject
Project("{2150E333-8FDC-42A3-9474-1A3956D46DE8}") = "2. Domain", "2. Domain", "{72A533FC-3EBD-43EC-9F83-3B8A7A9421A0}"
EndProject
Project("{2150E333-8FDC-42A3-9474-1A3956D46DE8}") = "3. Hosts", "3. Hosts", "{C7E6EE9C-324F-47C7-8F54-5B507056BC9C}"
EndProject
Project("{FAE04EC0-301F-11D3-BF4B-00C04F79EFBC}") = "ShoppingSolution.AdminApp", "ShoppingSolution.AdminApp\ShoppingSolution.AdminApp.csproj", "{931596DD-6EF5-4242-8DDF-6C4A8E2C0349}"
EndProject
Global
	GlobalSection(SolutionConfigurationPlatforms) = preSolution
		Debug|Any CPU = Debug|Any CPU
		Release|Any CPU = Release|Any CPU
	EndGlobalSection
	GlobalSection(ProjectConfigurationPlatforms) = postSolution
		{B104F267-5789-42BD-8082-72AB776DE199}.Debug|Any CPU.ActiveCfg = Debug|Any CPU
		{B104F267-5789-42BD-8082-72AB776DE199}.Debug|Any CPU.Build.0 = Debug|Any CPU
		{B104F267-5789-42BD-8082-72AB776DE199}.Release|Any CPU.ActiveCfg = Release|Any CPU
		{B104F267-5789-42BD-8082-72AB776DE199}.Release|Any CPU.Build.0 = Release|Any CPU
		{F9634329-E3FC-47ED-8F8F-8B75ED0A3A75}.Debug|Any CPU.ActiveCfg = Debug|Any CPU
		{F9634329-E3FC-47ED-8F8F-8B75ED0A3A75}.Debug|Any CPU.Build.0 = Debug|Any CPU
		{F9634329-E3FC-47ED-8F8F-8B75ED0A3A75}.Release|Any CPU.ActiveCfg = Release|Any CPU
		{F9634329-E3FC-47ED-8F8F-8B75ED0A3A75}.Release|Any CPU.Build.0 = Release|Any CPU
		{1A81DA33-5AB5-48BD-88BA-C5A0BFCB0B34}.Debug|Any CPU.ActiveCfg = Debug|Any CPU
		{1A81DA33-5AB5-48BD-88BA-C5A0BFCB0B34}.Debug|Any CPU.Build.0 = Debug|Any CPU
		{1A81DA33-5AB5-48BD-88BA-C5A0BFCB0B34}.Release|Any CPU.ActiveCfg = Release|Any CPU
		{1A81DA33-5AB5-48BD-88BA-C5A0BFCB0B34}.Release|Any CPU.Build.0 = Release|Any CPU
		{259C3419-1FFE-4A3E-8C78-3CABC948DEDE}.Debug|Any CPU.ActiveCfg = Debug|Any CPU
		{259C3419-1FFE-4A3E-8C78-3CABC948DEDE}.Debug|Any CPU.Build.0 = Debug|Any CPU
		{259C3419-1FFE-4A3E-8C78-3CABC948DEDE}.Release|Any CPU.ActiveCfg = Release|Any CPU
		{259C3419-1FFE-4A3E-8C78-3CABC948DEDE}.Release|Any CPU.Build.0 = Release|Any CPU
		{39FF770B-5B6C-406F-9E26-6B3B03D90676}.Debug|Any CPU.ActiveCfg = Debug|Any CPU
		{39FF770B-5B6C-406F-9E26-6B3B03D90676}.Debug|Any CPU.Build.0 = Debug|Any CPU
		{39FF770B-5B6C-406F-9E26-6B3B03D90676}.Release|Any CPU.ActiveCfg = Release|Any CPU
		{39FF770B-5B6C-406F-9E26-6B3B03D90676}.Release|Any CPU.Build.0 = Release|Any CPU
		{513EF75D-6EE0-41AD-8D8B-FE8218EDFA6A}.Debug|Any CPU.ActiveCfg = Debug|Any CPU
		{513EF75D-6EE0-41AD-8D8B-FE8218EDFA6A}.Debug|Any CPU.Build.0 = Debug|Any CPU
		{513EF75D-6EE0-41AD-8D8B-FE8218EDFA6A}.Release|Any CPU.ActiveCfg = Release|Any CPU
		{513EF75D-6EE0-41AD-8D8B-FE8218EDFA6A}.Release|Any CPU.Build.0 = Release|Any CPU
		{931596DD-6EF5-4242-8DDF-6C4A8E2C0349}.Debug|Any CPU.ActiveCfg = Debug|Any CPU
		{931596DD-6EF5-4242-8DDF-6C4A8E2C0349}.Debug|Any CPU.Build.0 = Debug|Any CPU
		{931596DD-6EF5-4242-8DDF-6C4A8E2C0349}.Release|Any CPU.ActiveCfg = Release|Any CPU
		{931596DD-6EF5-4242-8DDF-6C4A8E2C0349}.Release|Any CPU.Build.0 = Release|Any CPU
	EndGlobalSection
	GlobalSection(SolutionProperties) = preSolution
		HideSolutionNode = FALSE
	EndGlobalSection
	GlobalSection(NestedProjects) = preSolution
		{B104F267-5789-42BD-8082-72AB776DE199} = {C7E6EE9C-324F-47C7-8F54-5B507056BC9C}
		{F9634329-E3FC-47ED-8F8F-8B75ED0A3A75} = {72A533FC-3EBD-43EC-9F83-3B8A7A9421A0}
		{1A81DA33-5AB5-48BD-88BA-C5A0BFCB0B34} = {72A533FC-3EBD-43EC-9F83-3B8A7A9421A0}
		{259C3419-1FFE-4A3E-8C78-3CABC948DEDE} = {2ED22F2C-5558-4AE5-AB2C-B9B14B76840D}
		{39FF770B-5B6C-406F-9E26-6B3B03D90676} = {2ED22F2C-5558-4AE5-AB2C-B9B14B76840D}
		{513EF75D-6EE0-41AD-8D8B-FE8218EDFA6A} = {C7E6EE9C-324F-47C7-8F54-5B507056BC9C}
		{931596DD-6EF5-4242-8DDF-6C4A8E2C0349} = {C7E6EE9C-324F-47C7-8F54-5B507056BC9C}
	EndGlobalSection
	GlobalSection(ExtensibilityGlobals) = postSolution
		SolutionGuid = {259083F4-17B5-4030-86D5-243FC62733CC}
	EndGlobalSection
EndGlobal
